
Microsoft Visual Studio Solution File, Format Version 12.00
# Visual Studio 15
VisualStudioVersion = 15.0.26228.9
MinimumVisualStudioVersion = 10.0.40219.1
Project("{FAE04EC0-301F-11D3-BF4B-00C04F79EFBC}") = "NTierMvc", "NTierMvc\NTierMvc.csproj", "{44352296-D3AA-4FA7-8BB4-EE626D193FEB}"
EndProject
Project("{FAE04EC0-301F-11D3-BF4B-00C04F79EFBC}") = "NTierMvc.Common", "NTierMvc.Common\NTierMvc.Common.csproj", "{0A22605D-9D5A-45B9-8F51-DEB2C1457F52}"
EndProject
Project("{FAE04EC0-301F-11D3-BF4B-00C04F79EFBC}") = "NTierMvc.BLL", "NTierMvc.BLL\NTierMvc.BLL.csproj", "{7CB62786-66F1-4363-A3FC-66B86A25BF6B}"
EndProject
Project("{FAE04EC0-301F-11D3-BF4B-00C04F79EFBC}") = "NTierMvc.DAL", "NTierMvc.DAL\NTierMvc.DAL.csproj", "{F21B2008-2C24-482D-9D75-DCA9FADA970F}"
EndProject
Global
	GlobalSection(SolutionConfigurationPlatforms) = preSolution
		Debug|Any CPU = Debug|Any CPU
		Release|Any CPU = Release|Any CPU
	EndGlobalSection
	GlobalSection(ProjectConfigurationPlatforms) = postSolution
		{44352296-D3AA-4FA7-8BB4-EE626D193FEB}.Debug|Any CPU.ActiveCfg = Debug|Any CPU
		{44352296-D3AA-4FA7-8BB4-EE626D193FEB}.Debug|Any CPU.Build.0 = Debug|Any CPU
		{44352296-D3AA-4FA7-8BB4-EE626D193FEB}.Release|Any CPU.ActiveCfg = Release|Any CPU
		{44352296-D3AA-4FA7-8BB4-EE626D193FEB}.Release|Any CPU.Build.0 = Release|Any CPU
		{0A22605D-9D5A-45B9-8F51-DEB2C1457F52}.Debug|Any CPU.ActiveCfg = Debug|Any CPU
		{0A22605D-9D5A-45B9-8F51-DEB2C1457F52}.Debug|Any CPU.Build.0 = Debug|Any CPU
		{0A22605D-9D5A-45B9-8F51-DEB2C1457F52}.Release|Any CPU.ActiveCfg = Release|Any CPU
		{0A22605D-9D5A-45B9-8F51-DEB2C1457F52}.Release|Any CPU.Build.0 = Release|Any CPU
		{7CB62786-66F1-4363-A3FC-66B86A25BF6B}.Debug|Any CPU.ActiveCfg = Debug|Any CPU
		{7CB62786-66F1-4363-A3FC-66B86A25BF6B}.Debug|Any CPU.Build.0 = Debug|Any CPU
		{7CB62786-66F1-4363-A3FC-66B86A25BF6B}.Release|Any CPU.ActiveCfg = Release|Any CPU
		{7CB62786-66F1-4363-A3FC-66B86A25BF6B}.Release|Any CPU.Build.0 = Release|Any CPU
		{F21B2008-2C24-482D-9D75-DCA9FADA970F}.Debug|Any CPU.ActiveCfg = Debug|Any CPU
		{F21B2008-2C24-482D-9D75-DCA9FADA970F}.Debug|Any CPU.Build.0 = Debug|Any CPU
		{F21B2008-2C24-482D-9D75-DCA9FADA970F}.Release|Any CPU.ActiveCfg = Release|Any CPU
		{F21B2008-2C24-482D-9D75-DCA9FADA970F}.Release|Any CPU.Build.0 = Release|Any CPU
	EndGlobalSection
	GlobalSection(SolutionProperties) = preSolution
		HideSolutionNode = FALSE
	EndGlobalSection
EndGlobal
